
Microsoft Visual Studio Solution File, Format Version 12.00
# Visual Studio 15
Project("{FAE04EC0-301F-11D3-BF4B-00C04F79EFBC}") = "Unity.XR.Interaction.Toolkit.Samples.StarterAssets", "Unity.XR.Interaction.Toolkit.Samples.StarterAssets.csproj", "{45A4696B-EECB-1E9A-4D42-CE1848267D1B}"
EndProject
Project("{FAE04EC0-301F-11D3-BF4B-00C04F79EFBC}") = "Assembly-CSharp", "Assembly-CSharp.csproj", "{6DA2AD30-C7E3-AD24-B783-AB4B7CC78A72}"
EndProject
Project("{FAE04EC0-301F-11D3-BF4B-00C04F79EFBC}") = "Unity.XR.Interaction.Toolkit.Samples.StarterAssets.Editor", "Unity.XR.Interaction.Toolkit.Samples.StarterAssets.Editor.csproj", "{C0F400F8-72DD-E6E4-007C-C133E313546C}"
EndProject
Global
	GlobalSection(SolutionConfigurationPlatforms) = preSolution
		Debug|Any CPU = Debug|Any CPU
		Release|Any CPU = Release|Any CPU
	EndGlobalSection
	GlobalSection(ProjectConfigurationPlatforms) = postSolution
		{45A4696B-EECB-1E9A-4D42-CE1848267D1B}.Debug|Any CPU.ActiveCfg = Debug|Any CPU
		{45A4696B-EECB-1E9A-4D42-CE1848267D1B}.Debug|Any CPU.Build.0 = Debug|Any CPU
		{45A4696B-EECB-1E9A-4D42-CE1848267D1B}.Release|Any CPU.ActiveCfg = Release|Any CPU
		{45A4696B-EECB-1E9A-4D42-CE1848267D1B}.Release|Any CPU.Build.0 = Release|Any CPU
		{6DA2AD30-C7E3-AD24-B783-AB4B7CC78A72}.Debug|Any CPU.ActiveCfg = Debug|Any CPU
		{6DA2AD30-C7E3-AD24-B783-AB4B7CC78A72}.Debug|Any CPU.Build.0 = Debug|Any CPU
		{6DA2AD30-C7E3-AD24-B783-AB4B7CC78A72}.Release|Any CPU.ActiveCfg = Release|Any CPU
		{6DA2AD30-C7E3-AD24-B783-AB4B7CC78A72}.Release|Any CPU.Build.0 = Release|Any CPU
		{C0F400F8-72DD-E6E4-007C-C133E313546C}.Debug|Any CPU.ActiveCfg = Debug|Any CPU
		{C0F400F8-72DD-E6E4-007C-C133E313546C}.Debug|Any CPU.Build.0 = Debug|Any CPU
		{C0F400F8-72DD-E6E4-007C-C133E313546C}.Release|Any CPU.ActiveCfg = Release|Any CPU
		{C0F400F8-72DD-E6E4-007C-C133E313546C}.Release|Any CPU.Build.0 = Release|Any CPU
	EndGlobalSection
	GlobalSection(SolutionProperties) = preSolution
		HideSolutionNode = FALSE
	EndGlobalSection
EndGlobal
